{
    "_meta": {
        "hash": {
            "sha256": "9675ce0453665e39ce676487a5377e7b5fe590369537c13c99ac5323651ce2eb"
        },
        "pipfile-spec": 6,
        "requires": {
            "python_version": "3.10"
        },
        "sources": [
            {
                "name": "pypi",
                "url": "https://pypi.org/simple",
                "verify_ssl": true
            }
        ]
    },
    "default": {
        "klampt": {
            "hashes": [
                "sha256:074d76c3be017f724c5c12c70973b8c0a9e1d0904099d988eaf1997a0f52298b",
                "sha256:091a991547327237109f73b10198350f512bbd061a1c83f18111ebc8f1bccc32",
                "sha256:0bc1f1add0311db6fc83d4f027ea21a7b5c57f8437c2a30c6b177d8b5fdd69f1",
                "sha256:1af3b21d87549335141f30a74e90ecf4f22be9ca570e847b5d4d38d0e04f891a",
                "sha256:1fb8b5a451dd47fb563d1678abb5ee89677da3767fc58f071a66cfb3a0568b17",
                "sha256:29df16e8fa19e5756736cfb05dc330583e7a02fdb9bf8b115fedcd35853f4e40",
                "sha256:2fdecdcfa07f092528e916c7a7c6b9d3b6bec0e98917bbc23f0a895fe29b65f6",
                "sha256:3d09ddaaf453a6b54b5dc9cb8c620cbab106400d5410f027e8685e0a0a5eb1f8",
                "sha256:3fa25cc5923cc7302dffd342be5091a2a78c983e3bb0284c5a5d0992340e8230",
                "sha256:45b770bed9df42017521b7991af17ac9e155b6964f8db5a84264de53ccab6f2c",
                "sha256:5571ed3e5087a8f710b2dbaf140d7574b3895685684079939d3674fe6c9ccc16",
                "sha256:6abe0ab795fa8f0042ffe03bc1809a6506b520e6509256d5edf0d4d5fe407801",
                "sha256:6e335d963366d640c75cf227f95c3261bf791340ab2f64c1397333969d5b8904",
                "sha256:734ddfceb665a94af36df6bf7a1f6d7bfce263318272df5ee5b338dd741f68a5",
                "sha256:7a69265203e1472e011e5f7e30f44ce182ce7fc2afbc777b47fa5eef9af8fbfa",
                "sha256:7aa4b0e1a51d3a217f77043aab6cd22f0c0608e34e0e3489e7df9b08e0468387",
                "sha256:92d94c231c639a9004dd553bbde2c3049f2f6b3e1547269a135535ce8acccb39",
                "sha256:9717688002ceee4f8485eb05a1bc0504c0c4074172b4a1e960eddd585bd84fcc",
                "sha256:993e1286567bdd89dabe1906c2662ac40a52933f052e488618e6e958a766e07e",
                "sha256:a91b2a244fd9579837671e03374b75c85a6caa61a0fe99a6de16f05a999dda10",
                "sha256:aeff15c215025db29e7e229c90c80e9fdfe5c5ab9c7b35074ca56c51524d1985",
                "sha256:b0ff328c33829e69fe2780f583c3c35f01b6e5d63e58e69ba2782a29ca900a68",
                "sha256:c14be00ccc5c5ffd4327f2dfe3ddfaf397a087679f53f803d486630a36aaee5d",
                "sha256:c4c999d6c2114af7c3be34d061d8aca424bd0036edc4c72c0c60fc89b1ac76da",
                "sha256:d3de67c3cabeed7b0a0fca98c50b36cad03cdbfc876e3acd7476d53d674b2755",
                "sha256:e21803bb2570d47bc2855c1d50520db7afdfcc634a7f35322abadeaa5eab5cbf",
                "sha256:fc36c40037ff4d4c43ef79de46b76c96030d8c5ae949558835afbcb9adfc67c5"
            ],
            "index": "pypi",
            "version": "==0.9.1.post4"
        },
        "msvc-runtime": {
            "hashes": [
                "sha256:0ab774f87001a9707f6a538b0af0d17c6eb417db33ca2b43c286becf01e05c6d",
                "sha256:21a7d75e98e8197e708b1ba95bce35cdc351f304e7f1326ae9f427d43fd9a728",
                "sha256:6a26b6b95ae303c955b3071520e573eb55b4f29ef9a194bf05144b217437660c",
                "sha256:6ca55f411426027fc31ea4e61325a4f2fd44978aa669fb8378e19363935ea10e",
                "sha256:734c6961564f0d28fcdcb807e5802604a52d72bfaabe9908013371d0c4e54101",
                "sha256:7b62b7c64ea3b65f4142a08779323c5f19f7f8b4ee00d5e9040e6cf6a75852c0",
                "sha256:8660b55a592faab37a4d88ef20dbc3c7102e6496011ca09a326d3ca7a13ee7f0",
                "sha256:9c4b38d6dca0dd7384397a4842ba6f7522bb20e00621bfeb36ab0df53f042439",
                "sha256:a7a91f34f2f3e8ad24f21991afdf6c45705569ecdf03b8c85a7b4011d827fe50",
                "sha256:be06bd2b66aa4f64f79452b312a49044c07c51f72159a7ebda3bdfbc3e2a0481"
            ],
            "markers": "python_version >= '3.5'",
            "version": "==14.34.31931"
        },
        "numpy": {
            "hashes": [
                "sha256:03a8c78d01d9781b28a6989f6fa1bb2c4f2d51201cf99d3dd875df6fbd96b23b",
                "sha256:08beddf13648eb95f8d867350f6a018a4be2e5ad54c8d8caed89ebca558b2818",
                "sha256:1af303d6b2210eb850fcf03064d364652b7120803a0b872f5211f5234b399f20",
                "sha256:1dda2e7b4ec9dd512f84935c5f126c8bd8b9f2fc001e9f54af255e8c5f16b0e0",
                "sha256:2a02aba9ed12e4ac4eb3ea9421c420301a0c6460d9830d74a9df87efa4912010",
                "sha256:2e4ee3380d6de9c9ec04745830fd9e2eccb3e6cf790d39d7b98ffd19b0dd754a",
                "sha256:3373d5d70a5fe74a2c1bb6d2cfd9609ecf686d47a2d7b1d37a8f3b6bf6003aea",
                "sha256:47711010ad8555514b434df65f7d7b076bb8261df1ca9bb78f53d3b2db02e95c",
                "sha256:4c66707fabe114439db9068ee468c26bbdf909cac0fb58686a42a24de1760c71",
                "sha256:50193e430acfc1346175fcbdaa28ffec49947a06918b7b92130744e81e640110",
                "sha256:52b8b60467cd7dd1e9ed082188b4e6bb35aa5cdd01777621a1658910745b90be",
                "sha256:60dedbb91afcbfdc9bc0b1f3f402804070deed7392c23eb7a7f07fa857868e8a",
                "sha256:62b8e4b1e28009ef2846b4c7852046736bab361f7aeadeb6a5b89ebec3c7055a",
                "sha256:666dbfb6ec68962c033a450943ded891bed2d54e6755e35e5835d63f4f6931d5",
                "sha256:675d61ffbfa78604709862923189bad94014bef562cc35cf61d3a07bba02a7ed",
                "sha256:679b0076f67ecc0138fd2ede3a8fd196dddc2ad3254069bcb9faf9a79b1cebcd",
                "sha256:7349ab0fa0c429c82442a27a9673fc802ffdb7c7775fad780226cb234965e53c",
                "sha256:7ab55401287bfec946ced39700c053796e7cc0e3acbef09993a9ad2adba6ca6e",
                "sha256:7e50d0a0cc3189f9cb0aeb3a6a6af18c16f59f004b866cd2be1c14b36134a4a0",
                "sha256:95a7476c59002f2f6c590b9b7b998306fba6a5aa646b1e22ddfeaf8f78c3a29c",
                "sha256:96ff0b2ad353d8f990b63294c8986f1ec3cb19d749234014f4e7eb0112ceba5a",
                "sha256:9fad7dcb1aac3c7f0584a5a8133e3a43eeb2fe127f47e3632d43d677c66c102b",
                "sha256:9ff0f4f29c51e2803569d7a51c2304de5554655a60c5d776e35b4a41413830d0",
                "sha256:a354325ee03388678242a4d7ebcd08b5c727033fcff3b2f536aea978e15ee9e6",
                "sha256:a4abb4f9001ad2858e7ac189089c42178fcce737e4169dc61321660f1a96c7d2",
                "sha256:ab47dbe5cc8210f55aa58e4805fe224dac469cde56b9f731a4c098b91917159a",
                "sha256:afedb719a9dcfc7eaf2287b839d8198e06dcd4cb5d276a3df279231138e83d30",
                "sha256:b3ce300f3644fb06443ee2222c2201dd3a89ea6040541412b8fa189341847218",
                "sha256:b97fe8060236edf3662adfc2c633f56a08ae30560c56310562cb4f95500022d5",
                "sha256:bfe25acf8b437eb2a8b2d49d443800a5f18508cd811fea3181723922a8a82b07",
                "sha256:cd25bcecc4974d09257ffcd1f098ee778f7834c3ad767fe5db785be9a4aa9cb2",
                "sha256:d209d8969599b27ad20994c8e41936ee0964e6da07478d6c35016bc386b66ad4",
                "sha256:d5241e0a80d808d70546c697135da2c613f30e28251ff8307eb72ba696945764",
                "sha256:edd8b5fe47dab091176d21bb6de568acdd906d1887a4584a15a9a96a1dca06ef",
                "sha256:f870204a840a60da0b12273ef34f7051e98c3b5961b61b0c2c1be6dfd64fbcd3",
                "sha256:ffa75af20b44f8dba823498024771d5ac50620e6915abac414251bd971b4529f"
            ],
            "markers": "python_version >= '3.9'",
            "version": "==1.26.4"
        },
        "pygame": {
            "hashes": [
                "sha256:03879ec299c9f4ba23901b2649a96b2143f0a5d787f0b6c39469989e2320caf1",
                "sha256:074aa6c6e110c925f7f27f00c7733c6303407edc61d738882985091d1eb2ef17",
                "sha256:0e24d05184e4195fe5ebcdce8b18ecb086f00182b9ae460a86682d312ce8d31f",
                "sha256:1822d534bb7fe756804647b6da2c9ea5d7a62d8796b2e15d172d3be085de28c6",
                "sha256:1a2a43802bb5e89ce2b3b775744e78db4f9a201bf8d059b946c61722840ceea8",
                "sha256:1c289f2613c44fe70a1e40769de4a49c5ab5a29b9376f1692bb1a15c9c1c9bfa",
                "sha256:1f3849f97372a3381c66955f99a0d58485ccd513c3d00c030b869094ce6997a6",
                "sha256:224c308856334bc792f696e9278e50d099a87c116f7fc314cd6aa3ff99d21592",
                "sha256:263b4a7cbfc9fe2055abc21b0251cc17dea6dff750f0e1c598919ff350cdbffe",
                "sha256:2b34c73cb328024f8db3cb6487a37e54000148988275d8d6e5adf99d9323c937",
                "sha256:30a8d7cf12363b4140bf2f93b5eec4028376ca1d0fe4b550588f836279485308",
                "sha256:31648d38ecdc2335ffc0e38fb18a84b3339730521505dac68514f83a1092e3f4",
                "sha256:34646ca20e163dc6f6cf8170f1e12a2e41726780112594ac061fa448cf7ccd75",
                "sha256:35632035fd81261f2d797fa810ea8c46111bd78ceb6089d52b61ed7dc3c5d05f",
                "sha256:35cf093a51cb294ede56c29d4acf41538c00f297fcf78a9b186fb7d23c0577b6",
                "sha256:39690e9be9baf58b7359d1f3b2336e1fd6f92fedbbce42987be5df27f8d30718",
                "sha256:3b3e619e33d11c297d7a57a82db40681f9c2c3ae1d5bf06003520b4fe30c435d",
                "sha256:3b8a6e351665ed26ea791f0e1fd649d3f483e8681892caef9d471f488f9ea5ee",
                "sha256:41f8779f52e0f6e6e6ccb8f0b5536e432bf386ee29c721a1c22cada7767b0cef",
                "sha256:47a8415d2bd60e6909823b5643a1d4ef5cc29417d817f2a214b255f6fa3a1e4c",
                "sha256:485239c7d32265fd35b76ae8f64f34b0637ae11e69d76de15710c4b9edcc7c8d",
                "sha256:4f1559e7efe4efb9dc19d2d811d702f325d9605f9f6f9ececa39ee6890c798f5",
                "sha256:4ff21201df6278b8ca2e948fb148ffe88f5481fd03760f381dd61e45954c7dff",
                "sha256:5697528266b4716d9cdd44a5a1d210f4d86ef801d0f64ca5da5d0816704009d9",
                "sha256:677e37bc0ea7afd89dde5a88ced4458aa8656159c70a576eea68b5622ee1997b",
                "sha256:68c4e8e60b725ffc7a6c6ecd9bb5fcc5ed2d6e0e2a2c4a29a8454856ef16ad63",
                "sha256:6cf2257447ce7f2d6de37e5fb019d2bbe32ed05a5721ace8bc78c2d9beaf3aee",
                "sha256:6d58c8cf937815d3b7cdc0fa9590c5129cb2c9658b72d00e8a4568dea2ff1d42",
                "sha256:6fe323acbf53a0195c8c98b1b941eba7ac24e3e2b28ae48e8cda566f15fc4945",
                "sha256:74e1d6284100e294f445832e6f6343be4fe4748decc4f8a51131ae197dae8584",
                "sha256:78fcd7643358b886a44127ff7dec9041c056c212b3a98977674f83f99e9b12d3",
                "sha256:7d0a2794649defa57ef50b096a99f7113d3d0c2e32d1426cafa7d618eadce4c7",
                "sha256:88d1cdacc2d3471eceab98bf0c93c14d3a8461f93e58e3d926f20d4de3a75554",
                "sha256:9b30bc1220c457169571aac998e54b013aaeb732d2fd8744966cb1cfab1f61d1",
                "sha256:9bd738fd4ecc224769d0b4a719f96900a86578e26e0105193658a32966df2aae",
                "sha256:9dcff6cbba1584cf7732ce1dbdd044406cd4f6e296d13bcb7fba963fb4aeefc9",
                "sha256:a0769eb628c818761755eb0a0ca8216b95270ea8cbcbc82227e39ac9644643da",
                "sha256:a0bd67426c02ffe6c9827fc4bcbda9442fbc451d29b17c83a3c088c56fef2c90",
                "sha256:bc12e4dea3e88ea8a553de6d56a37b704dbe2aed95105889f6afeb4b96e62097",
                "sha256:c13edebc43c240fb0532969e914f0ccefff5ae7e50b0b788d08ad2c15ef793e4",
                "sha256:c1b89eb5d539e7ac5cf75513125fb5f2f0a2d918b1fd6e981f23bf0ac1b1c24a",
                "sha256:ce4b6c0bfe44d00bb0998a6517bd0cf9455f642f30f91bc671ad41c05bf6f6ae",
                "sha256:cf2191b756ceb0e8458a761d0c665b0c70b538570449e0d39b75a5ba94ac5cf0",
                "sha256:d29a84b2e02814b9ba925357fd2e1df78efe5e1aa64dc3051eaed95d2b96eafd",
                "sha256:d75cbbfaba2b81434d62631d0b08b85fab16cf4a36e40b80298d3868927e1299",
                "sha256:d78485c4d21133d6b2fbb504cd544ca655e50b6eb551d2995b3aa6035928adda",
                "sha256:d851247239548aa357c4a6840fb67adc2d570ce7cb56988d036a723d26b48bff",
                "sha256:daca456d5b9f52e088e06a127dec182b3638a775684fb2260f25d664351cf1ae",
                "sha256:dc346965847aef00013fa2364f41a64f068cd096dcc7778fc306ca3735f0eedf",
                "sha256:dd2d2650faf54f9a0f5bd0db8409f79609319725f8f08af6507a0609deadcad4",
                "sha256:e58e2b0c791041e4bccafa5bd7650623ba1592b8fe62ae0a276b7d0ecb314b6c",
                "sha256:e708fc8f709a0fe1d1876489345f2e443d47f3976d33455e2e1e937f972f8677",
                "sha256:ed9a3d98adafa0805ccbaaff5d2996a2b5795381285d8437a4a5d248dbd12b4a",
                "sha256:edda1f7cff4806a4fa39e0e8ccd75f38d1d340fa5fc52d8582ade87aca247d92",
                "sha256:f02c1c7505af18d426d355ac9872bd5c916b27f7b0fe224749930662bea47a50",
                "sha256:f30d1618672a55e8c6669281ba264464b3ab563158e40d89e8c8b3faa0febebd",
                "sha256:fe0228501ec616779a0b9c4299e837877783e18df294dd690b9ab0eed3d8aaab"
            ],
            "index": "pypi",
            "version": "==2.5.2"
        },
        "pymeshlab": {
            "hashes": [
                "sha256:0b0f56bd076d3f022b6df411c8dcf2dc3f0845360d57f17246878a46b6d2a66a",
                "sha256:3d697c14a0f27be703e974efb42ace79062d64bb44dd5ff269d271c4944efbde",
                "sha256:3e62eb49ef5d59765e99666e8da638e8db1a5774b93a07f34800742a7044f459",
                "sha256:4c84d589e469c975385e85dd01ae4f350cc7f3592308516ded65c126a65b2115",
                "sha256:5ba92b814441452b52479272103044e1ba870c5c4dc7fe695e91d6784008be0d",
                "sha256:5f8538443770c598cd8c674697a97e51bd90a1d7017a676c9c1f3f656aafc56d",
                "sha256:6920e17bd4347d35c578c8b32903eb9c8bde8f5eb520f5cf99e8f19048f96e0f",
                "sha256:7d08f515a7b8afd05e846b84a60d781091de042d3acd02cadd19416cea7d0bb2",
                "sha256:8c73c502d91b68be97f02810c7f9c2b37f985a30db45844035eb92c859d65dc9",
                "sha256:bd68effddddaee9f0261d0d56f6d850672213891ceccd92d5918ee5d88163bb1",
                "sha256:c258fc392e4255d6ee2d1502028e7bcf69e5e68cd3a4e54c5a437ac8d8e67914",
                "sha256:c5de5187f12d61534e2f933932a8731cad7e701869009d659afcfa4de6bf4e6d",
                "sha256:d7e53fce093e9c6fa5beaf322b2cad344d6a674259e522f50be8d42231e0ef2c",
                "sha256:eeb804ecf7dc3e85e3514d68d2fb1d8aff656fa5615aaeb1d89f1f652efa13b4",
                "sha256:f5401956ce613fd26d8c1ee1bd128ad2781a60e09e0497318b3e5b554e77e504"
            ],
            "index": "pypi",
            "version": "==2023.12.post1"
        },
        "pyopengl": {
            "hashes": [
                "sha256:a6ab19cf290df6101aaf7470843a9c46207789855746399d0af92521a0a92b7a",
                "sha256:eef31a3888e6984fd4d8e6c9961b184c9813ca82604d37fe3da80eb000a76c86"
            ],
            "index": "pypi",
            "version": "==3.1.7"
        },
        "pyqt5": {
            "hashes": [
                "sha256:501355f327e9a2c38db0428e1a236d25ebcb99304cd6e668c05d1188d514adec",
                "sha256:862cea3be95b4b0a2b9678003b3a18edf7bd5eafd673860f58820f246d4bf616",
                "sha256:93288d62ebd47b1933d80c27f5d43c7c435307b84d480af689cef2474e87e4c8",
                "sha256:b89478d16d4118664ff58ed609e0a804d002703c9420118de7e4e70fa1cb5486",
                "sha256:d46b7804b1b10a4ff91753f8113e5b5580d2b4462f3226288e2d84497334898a",
                "sha256:ff99b4f91aa8eb60510d5889faad07116d3340041916e46c07d519f7cad344e1"
            ],
            "index": "pypi",
            "version": "==5.15.10"
        },
        "pyqt5-qt5": {
            "hashes": [
                "sha256:1988f364ec8caf87a6ee5d5a3a5210d57539988bf8e84714c7d60972692e2f4a",
                "sha256:750b78e4dba6bdf1607febedc08738e318ea09e9b10aea9ff0d73073f11f6962",
                "sha256:76980cd3d7ae87e3c7a33bfebfaee84448fd650bad6840471d6cae199b56e154",
                "sha256:9cc7a768b1921f4b982ebc00a318ccb38578e44e45316c7a4a850e953e1dd327"
            ],
            "version": "==5.15.2"
        },
        "pyqt5-sip": {
            "hashes": [
                "sha256:0f85fb633a522f04e48008de49dce1ff1d947011b48885b8428838973fbca412",
                "sha256:108a15f603e1886988c4b0d9d41cb74c9f9815bf05cefc843d559e8c298a10ce",
                "sha256:1c8371682f77852256f1f2d38c41e2e684029f43330f0635870895ab01c02f6c",
                "sha256:205cd449d08a2b024a468fb6100cd7ed03e946b4f49706f508944006f955ae1a",
                "sha256:29fa9cc964517c9fc3f94f072b9a2aeef4e7a2eda1879cb835d9e06971161cdf",
                "sha256:3188a06956aef86f604fb0d14421a110fad70d2a9e943dbacbfc3303f651dade",
                "sha256:3a4498f3b1b15f43f5d12963accdce0fd652b0bcaae6baf8008663365827444c",
                "sha256:5338773bbaedaa4f16a73c142fb23cc18c327be6c338813af70260b756c7bc92",
                "sha256:6e4ac714252370ca037c7d609da92388057165edd4f94e63354f6d65c3ed9d53",
                "sha256:773731b1b5ab1a7cf5621249f2379c95e3d2905e9bd96ff3611b119586daa876",
                "sha256:7f321daf84b9c9dbca61b80e1ef37bdaffc0e93312edae2cd7da25b953971d91",
                "sha256:7fe3375b508c5bc657d73b9896bba8a768791f1f426c68053311b046bcebdddf",
                "sha256:96414c93f3d33963887cf562d50d88b955121fbfd73f937c8eca46643e77bf61",
                "sha256:9a8cdd6cb66adcbe5c941723ed1544eba05cf19b6c961851b58ccdae1c894afb",
                "sha256:9b984c2620a7a7eaf049221b09ae50a345317add2624c706c7d2e9e6632a9587",
                "sha256:a7e3623b2c743753625c4650ec7696362a37fb36433b61824cf257f6d3d43cca",
                "sha256:bbc7cd498bf19e0862097be1ad2243e824dea56726f00c11cff1b547c2d31d01",
                "sha256:d5032da3fff62da055104926ffe76fd6044c1221f8ad35bb60804bcb422fe866",
                "sha256:db228cd737f5cbfc66a3c3e50042140cb80b30b52edc5756dbbaa2346ec73137",
                "sha256:ec60162e034c42fb99859206d62b83b74f987d58937b3a82bdc07b5c3d190dec",
                "sha256:fb4a5271fa3f6bc2feb303269a837a95a6d8dd16be553aa40e530de7fb81bfdf"
            ],
            "markers": "python_version >= '3.7'",
            "version": "==12.13.0"
        }
    },
    "develop": {}
}
